DEPENDENCIES
  apt (~> 7.0.0)
  git (~> 9.0.0)
  kawf
    path: .
    metadata: true

GRAPH
  apt (7.0.0)
  build-essential (8.1.1)
    mingw (>= 1.1)
    seven_zip (>= 0.0.0)
  git (9.0.0)
    build-essential (>= 5.0.0)
  kawf (0.46.0)
    apt (>= 0.0.0)
    git (>= 0.0.0)
  mingw (2.0.2)
    seven_zip (>= 0.0.0)
  seven_zip (2.0.2)
    windows (>= 1.2.2)
  windows (4.1.4)
